
Microsoft Visual Studio Solution File, Format Version 12.00
# Visual Studio Version 17
VisualStudioVersion = 17.1.32228.430
MinimumVisualStudioVersion = 10.0.40219.1
Project("{8BC9CEB8-8B4A-11D0-8D11-00A0C91BC942}") = "C_20220331", "C_20220331.vcxproj", "{38865188-E9B0-49D5-B7F4-4FB0C2F46CCC}"
EndProject
Global
	GlobalSection(SolutionConfigurationPlatforms) = preSolution
		Debug|x64 = Debug|x64
		Debug|x86 = Debug|x86
		Release|x64 = Release|x64
		Release|x86 = Release|x86
	EndGlobalSection
	GlobalSection(ProjectConfigurationPlatforms) = postSolution
		{38865188-E9B0-49D5-B7F4-4FB0C2F46CCC}.Debug|x64.ActiveCfg = Debug|x64
		{38865188-E9B0-49D5-B7F4-4FB0C2F46CCC}.Debug|x64.Build.0 = Debug|x64
		{38865188-E9B0-49D5-B7F4-4FB0C2F46CCC}.Debug|x86.ActiveCfg = Debug|Win32
		{38865188-E9B0-49D5-B7F4-4FB0C2F46CCC}.Debug|x86.Build.0 = Debug|Win32
		{38865188-E9B0-49D5-B7F4-4FB0C2F46CCC}.Release|x64.ActiveCfg = Release|x64
		{38865188-E9B0-49D5-B7F4-4FB0C2F46CCC}.Release|x64.Build.0 = Release|x64
		{38865188-E9B0-49D5-B7F4-4FB0C2F46CCC}.Release|x86.ActiveCfg = Release|Win32
		{38865188-E9B0-49D5-B7F4-4FB0C2F46CCC}.Release|x86.Build.0 = Release|Win32
	EndGlobalSection
	GlobalSection(SolutionProperties) = preSolution
		HideSolutionNode = FALSE
	EndGlobalSection
	GlobalSection(ExtensibilityGlobals) = postSolution
		SolutionGuid = {E4114DF8-A349-41EE-8B4D-B9A5AADDCEC8}
	EndGlobalSection
EndGlobal
