
Microsoft Visual Studio Solution File, Format Version 12.00
# Visual Studio Version 17
VisualStudioVersion = 17.1.32328.378
MinimumVisualStudioVersion = 10.0.40219.1
Project("{8BC9CEB8-8B4A-11D0-8D11-00A0C91BC942}") = "test1", "test1.vcxproj", "{2123B20D-D5D0-4F7F-8DA6-0047A275AA10}"
EndProject
Global
	GlobalSection(SolutionConfigurationPlatforms) = preSolution
		Debug|x64 = Debug|x64
		Debug|x86 = Debug|x86
		Release|x64 = Release|x64
		Release|x86 = Release|x86
	EndGlobalSection
	GlobalSection(ProjectConfigurationPlatforms) = postSolution
		{2123B20D-D5D0-4F7F-8DA6-0047A275AA10}.Debug|x64.ActiveCfg = Debug|x64
		{2123B20D-D5D0-4F7F-8DA6-0047A275AA10}.Debug|x64.Build.0 = Debug|x64
		{2123B20D-D5D0-4F7F-8DA6-0047A275AA10}.Debug|x86.ActiveCfg = Debug|Win32
		{2123B20D-D5D0-4F7F-8DA6-0047A275AA10}.Debug|x86.Build.0 = Debug|Win32
		{2123B20D-D5D0-4F7F-8DA6-0047A275AA10}.Release|x64.ActiveCfg = Release|x64
		{2123B20D-D5D0-4F7F-8DA6-0047A275AA10}.Release|x64.Build.0 = Release|x64
		{2123B20D-D5D0-4F7F-8DA6-0047A275AA10}.Release|x86.ActiveCfg = Release|Win32
		{2123B20D-D5D0-4F7F-8DA6-0047A275AA10}.Release|x86.Build.0 = Release|Win32
	EndGlobalSection
	GlobalSection(SolutionProperties) = preSolution
		HideSolutionNode = FALSE
	EndGlobalSection
	GlobalSection(ExtensibilityGlobals) = postSolution
		SolutionGuid = {16D4A595-2B1A-4ADC-BFF6-30DCC750B5E0}
	EndGlobalSection
EndGlobal
